
Microsoft Visual Studio Solution File, Format Version 12.00
# Visual Studio 2012
Project("{FAE04EC0-301F-11D3-BF4B-00C04F79EFBC}") = "CloudSociety", "CloudSociety\CloudSociety.csproj", "{5B6437A5-B940-456E-A437-BF819F2D7748}"
EndProject
Project("{FAE04EC0-301F-11D3-BF4B-00C04F79EFBC}") = "CloudSocietyEntities", "CloudSocietyEntities\CloudSocietyEntities.csproj", "{C2F40B2E-5285-4F27-98A8-7D69CD414652}"
EndProject
Project("{FAE04EC0-301F-11D3-BF4B-00C04F79EFBC}") = "CloudSocietyRepositories", "CloudSocietyRepositories\CloudSocietyRepositories.csproj", "{6C9DF962-B2D7-44EB-963F-423505FE4A0F}"
EndProject
Project("{FAE04EC0-301F-11D3-BF4B-00C04F79EFBC}") = "CloudSocietyCaching", "CloudSocietyCaching\CloudSocietyCaching.csproj", "{FDFBF78C-10BB-42D1-B31C-6A25D93E9DE7}"
EndProject
Project("{FAE04EC0-301F-11D3-BF4B-00C04F79EFBC}") = "CloudSocietyModels", "CloudSocietyModels\CloudSocietyModels.csproj", "{72482B26-DE1C-4272-A816-7EF05840DC9C}"
EndProject
Project("{FAE04EC0-301F-11D3-BF4B-00C04F79EFBC}") = "CommonLib", "CommonLib\CommonLib.csproj", "{ADBC68CC-88C5-40FB-8754-44E45E014B1E}"
EndProject
Project("{FAE04EC0-301F-11D3-BF4B-00C04F79EFBC}") = "CloudSocietyLib", "CloudSocietyLib\CloudSocietyLib.csproj", "{08153F79-9412-4660-9847-8E4E5210E5FD}"
EndProject
Project("{FAE04EC0-301F-11D3-BF4B-00C04F79EFBC}") = "InstamojoAPI", "InstamojoAPI\InstamojoAPI.csproj", "{F7A6F676-8B3B-4AE3-A3A5-B73299BDFB3E}"
EndProject
Global
	GlobalSection(SolutionConfigurationPlatforms) = preSolution
		Debug|Any CPU = Debug|Any CPU
		Release|Any CPU = Release|Any CPU
	EndGlobalSection
	GlobalSection(ProjectConfigurationPlatforms) = postSolution
		{5B6437A5-B940-456E-A437-BF819F2D7748}.Debug|Any CPU.ActiveCfg = Debug|Any CPU
		{5B6437A5-B940-456E-A437-BF819F2D7748}.Debug|Any CPU.Build.0 = Debug|Any CPU
		{5B6437A5-B940-456E-A437-BF819F2D7748}.Release|Any CPU.ActiveCfg = Release|Any CPU
		{5B6437A5-B940-456E-A437-BF819F2D7748}.Release|Any CPU.Build.0 = Release|Any CPU
		{C2F40B2E-5285-4F27-98A8-7D69CD414652}.Debug|Any CPU.ActiveCfg = Debug|Any CPU
		{C2F40B2E-5285-4F27-98A8-7D69CD414652}.Debug|Any CPU.Build.0 = Debug|Any CPU
		{C2F40B2E-5285-4F27-98A8-7D69CD414652}.Release|Any CPU.ActiveCfg = Release|Any CPU
		{C2F40B2E-5285-4F27-98A8-7D69CD414652}.Release|Any CPU.Build.0 = Release|Any CPU
		{6C9DF962-B2D7-44EB-963F-423505FE4A0F}.Debug|Any CPU.ActiveCfg = Debug|Any CPU
		{6C9DF962-B2D7-44EB-963F-423505FE4A0F}.Debug|Any CPU.Build.0 = Debug|Any CPU
		{6C9DF962-B2D7-44EB-963F-423505FE4A0F}.Release|Any CPU.ActiveCfg = Release|Any CPU
		{6C9DF962-B2D7-44EB-963F-423505FE4A0F}.Release|Any CPU.Build.0 = Release|Any CPU
		{FDFBF78C-10BB-42D1-B31C-6A25D93E9DE7}.Debug|Any CPU.ActiveCfg = Debug|Any CPU
		{FDFBF78C-10BB-42D1-B31C-6A25D93E9DE7}.Debug|Any CPU.Build.0 = Debug|Any CPU
		{FDFBF78C-10BB-42D1-B31C-6A25D93E9DE7}.Release|Any CPU.ActiveCfg = Release|Any CPU
		{FDFBF78C-10BB-42D1-B31C-6A25D93E9DE7}.Release|Any CPU.Build.0 = Release|Any CPU
		{72482B26-DE1C-4272-A816-7EF05840DC9C}.Debug|Any CPU.ActiveCfg = Debug|Any CPU
		{72482B26-DE1C-4272-A816-7EF05840DC9C}.Debug|Any CPU.Build.0 = Debug|Any CPU
		{72482B26-DE1C-4272-A816-7EF05840DC9C}.Release|Any CPU.ActiveCfg = Release|Any CPU
		{72482B26-DE1C-4272-A816-7EF05840DC9C}.Release|Any CPU.Build.0 = Release|Any CPU
		{ADBC68CC-88C5-40FB-8754-44E45E014B1E}.Debug|Any CPU.ActiveCfg = Debug|Any CPU
		{ADBC68CC-88C5-40FB-8754-44E45E014B1E}.Debug|Any CPU.Build.0 = Debug|Any CPU
		{ADBC68CC-88C5-40FB-8754-44E45E014B1E}.Release|Any CPU.ActiveCfg = Release|Any CPU
		{ADBC68CC-88C5-40FB-8754-44E45E014B1E}.Release|Any CPU.Build.0 = Release|Any CPU
		{08153F79-9412-4660-9847-8E4E5210E5FD}.Debug|Any CPU.ActiveCfg = Debug|Any CPU
		{08153F79-9412-4660-9847-8E4E5210E5FD}.Debug|Any CPU.Build.0 = Debug|Any CPU
		{08153F79-9412-4660-9847-8E4E5210E5FD}.Release|Any CPU.ActiveCfg = Release|Any CPU
		{08153F79-9412-4660-9847-8E4E5210E5FD}.Release|Any CPU.Build.0 = Release|Any CPU
		{F7A6F676-8B3B-4AE3-A3A5-B73299BDFB3E}.Debug|Any CPU.ActiveCfg = Debug|Any CPU
		{F7A6F676-8B3B-4AE3-A3A5-B73299BDFB3E}.Debug|Any CPU.Build.0 = Debug|Any CPU
		{F7A6F676-8B3B-4AE3-A3A5-B73299BDFB3E}.Release|Any CPU.ActiveCfg = Release|Any CPU
		{F7A6F676-8B3B-4AE3-A3A5-B73299BDFB3E}.Release|Any CPU.Build.0 = Release|Any CPU
	EndGlobalSection
	GlobalSection(SolutionProperties) = preSolution
		HideSolutionNode = FALSE
	EndGlobalSection
EndGlobal
